
Microsoft Visual Studio Solution File, Format Version 12.00
# Visual Studio Version 17
VisualStudioVersion = 17.8.34511.84
MinimumVisualStudioVersion = 10.0.40219.1
Project("{8BC9CEB8-8B4A-11D0-8D11-00A0C91BC942}") = "PriceByRatio", "PriceByRatio\PriceByRatio.vcxproj", "{96772486-8A32-4C9E-A53A-107F27E1D351}"
EndProject
Global
	GlobalSection(SolutionConfigurationPlatforms) = preSolution
		Debug|x64 = Debug|x64
		Debug|x86 = Debug|x86
		Release|x64 = Release|x64
		Release|x86 = Release|x86
	EndGlobalSection
	GlobalSection(ProjectConfigurationPlatforms) = postSolution
		{96772486-8A32-4C9E-A53A-107F27E1D351}.Debug|x64.ActiveCfg = Debug|x64
		{96772486-8A32-4C9E-A53A-107F27E1D351}.Debug|x64.Build.0 = Debug|x64
		{96772486-8A32-4C9E-A53A-107F27E1D351}.Debug|x86.ActiveCfg = Debug|Win32
		{96772486-8A32-4C9E-A53A-107F27E1D351}.Debug|x86.Build.0 = Debug|Win32
		{96772486-8A32-4C9E-A53A-107F27E1D351}.Release|x64.ActiveCfg = Release|x64
		{96772486-8A32-4C9E-A53A-107F27E1D351}.Release|x64.Build.0 = Release|x64
		{96772486-8A32-4C9E-A53A-107F27E1D351}.Release|x86.ActiveCfg = Release|Win32
		{96772486-8A32-4C9E-A53A-107F27E1D351}.Release|x86.Build.0 = Release|Win32
	EndGlobalSection
	GlobalSection(SolutionProperties) = preSolution
		HideSolutionNode = FALSE
	EndGlobalSection
	GlobalSection(ExtensibilityGlobals) = postSolution
		SolutionGuid = {121DD963-6E91-408E-864B-48A5D1DE1DF8}
	EndGlobalSection
EndGlobal
